{
  "version": "4",
  "specifiers": {
    "jsr:@std/crypto@^1.0.3": "1.0.3",
    "jsr:@std/encoding@0.224.0": "0.224.0",
    "jsr:@std/encoding@^1.0.6": "1.0.6",
    "jsr:@zaubrik/djwt@^3.0.2": "3.0.2",
    "npm:hono@^4.6.14": "4.6.14",
    "npm:zod@3.23.8": "3.23.8"
  },
  "jsr": {
    "@std/crypto@1.0.3": {
      "integrity": "a2a32f51ddef632d299e3879cd027c630dcd4d1d9a5285d6e6788072f4e51e7f"
    },
    "@std/encoding@0.224.0": {
      "integrity": "efb6dca97d3e9c31392bd5c8cfd9f9fc9decf5a1f4d1f78af7900a493bcf89b5"
    },
    "@std/encoding@1.0.6": {
      "integrity": "ca87122c196e8831737d9547acf001766618e78cd8c33920776c7f5885546069"
    },
    "@zaubrik/djwt@3.0.2": {
      "integrity": "8070adaa49cd9e5d2b8ae82fd461132c966ef2f8ff8378db4a4da8df4f17c664",
      "dependencies": [
        "jsr:@std/encoding@0.224.0"
      ]
    }
  },
  "npm": {
    "hono@4.6.14": {
      "integrity": "sha512-j4VkyUp2xazGJ8eCCLN1Vm/bxdvm/j5ZuU9AIjLu9vapn2M44p9L3Ktr9Vnb2RN2QtcR/wVjZVMlT5k7GJQgPw=="
    },
    "zod@3.23.8": {
      "integrity": "sha512-XBx9AXhXktjUqnepgTiE5flcKIYWi/rme0Eaj+5Y0lftuGBq+jyRu/md4WnuxqgP1ubdpNCsYEYPxrzVHD8d6g=="
    }
  },
  "redirects": {
    "https://deno.land/x/dotenv/mod.ts": "https://deno.land/x/dotenv@v3.2.2/mod.ts",
    "https://deno.land/x/sqlite/mod.ts": "https://deno.land/x/sqlite@v3.9.1/mod.ts"
  },
  "remote": {
    "https://deno.land/std@0.152.0/async/abortable.ts": "87aa7230be8360c24ad437212311c9e8d4328854baec27b4c7abb26e85515c06",
    "https://deno.land/std@0.152.0/async/deadline.ts": "48ac998d7564969f3e6ec6b6f9bf0217ebd00239b1b2292feba61272d5dd58d0",
    "https://deno.land/std@0.152.0/async/debounce.ts": "564273ef242bcfcda19a439132f940db8694173abffc159ea34f07d18fc42620",
    "https://deno.land/std@0.152.0/async/deferred.ts": "bc18e28108252c9f67dfca2bbc4587c3cbf3aeb6e155f8c864ca8ecff992b98a",
    "https://deno.land/std@0.152.0/async/delay.ts": "cbbdf1c87d1aed8edc7bae13592fb3e27e3106e0748f089c263390d4f49e5f6c",
    "https://deno.land/std@0.152.0/async/mod.ts": "dd0a8ed4f3984ffabe2fcca7c9f466b7932d57b1864ffee148a5d5388316db6b",
    "https://deno.land/std@0.152.0/async/mux_async_iterator.ts": "5b4aca6781ad0f2e19ccdf1d1a1c092ccd3e00d52050d9c27c772658c8367256",
    "https://deno.land/std@0.152.0/async/pool.ts": "ef9eb97b388543acbf0ac32647121e4dbe629236899586c4d4311a8770fbb239",
    "https://deno.land/std@0.152.0/async/tee.ts": "bcfae0017ebb718cf4eef9e2420e8675d91cb1bcc0ed9b668681af6e6caad846",
    "https://deno.land/std@0.152.0/encoding/base64.ts": "c57868ca7fa2fbe919f57f88a623ad34e3d970d675bdc1ff3a9d02bba7409db2",
    "https://deno.land/std@0.152.0/fmt/colors.ts": "6f9340b7fb8cc25a993a99e5efc56fe81bb5af284ff412129dd06df06f53c0b4",
    "https://deno.land/std@0.152.0/http/server.ts": "0b0a9f3abfcfecead944b31ee9098a0c11a59b0495bf873ee200eb80e7441483",
    "https://deno.land/std@0.152.0/testing/_diff.ts": "029a00560b0d534bc0046f1bce4bd36b3b41ada3f2a3178c85686eb2ff5f1413",
    "https://deno.land/std@0.152.0/testing/_format.ts": "0d8dc79eab15b67cdc532826213bbe05bccfd276ca473a50a3fc7bbfb7260642",
    "https://deno.land/std@0.152.0/testing/asserts.ts": "093735c88f52bbead7f60a1f7a97a2ce4df3c2d5fab00a46956f20b4a5793ccd",
    "https://deno.land/std@0.176.0/_util/asserts.ts": "178dfc49a464aee693a7e285567b3d0b555dc805ff490505a8aae34f9cfb1462",
    "https://deno.land/std@0.176.0/_util/os.ts": "d932f56d41e4f6a6093d56044e29ce637f8dcc43c5a90af43504a889cf1775e3",
    "https://deno.land/std@0.176.0/encoding/hex.ts": "50f8c95b52eae24395d3dfcb5ec1ced37c5fe7610ef6fffdcc8b0fdc38e3b32f",
    "https://deno.land/std@0.176.0/fmt/colors.ts": "938c5d44d889fb82eff6c358bea8baa7e85950a16c9f6dae3ec3a7a729164471",
    "https://deno.land/std@0.176.0/fs/_util.ts": "65381f341af1ff7f40198cee15c20f59951ac26e51ddc651c5293e24f9ce6f32",
    "https://deno.land/std@0.176.0/fs/copy.ts": "14214efd94fc3aa6db1e4af2b4b9578e50f7362b7f3725d5a14ad259a5df26c8",
    "https://deno.land/std@0.176.0/fs/empty_dir.ts": "c3d2da4c7352fab1cf144a1ecfef58090769e8af633678e0f3fabaef98594688",
    "https://deno.land/std@0.176.0/fs/ensure_dir.ts": "724209875497a6b4628dfb256116e5651c4f7816741368d6c44aab2531a1e603",
    "https://deno.land/std@0.176.0/fs/ensure_file.ts": "c38602670bfaf259d86ca824a94e6cb9e5eb73757fefa4ebf43a90dd017d53d9",
    "https://deno.land/std@0.176.0/fs/ensure_link.ts": "c0f5b2f0ec094ed52b9128eccb1ee23362a617457aa0f699b145d4883f5b2fb4",
    "https://deno.land/std@0.176.0/fs/ensure_symlink.ts": "2955cc8332aeca9bdfefd05d8d3976b94e282b0f353392a71684808ed2ffdd41",
    "https://deno.land/std@0.176.0/fs/eol.ts": "f1f2eb348a750c34500741987b21d65607f352cf7205f48f4319d417fff42842",
    "https://deno.land/std@0.176.0/fs/exists.ts": "b8c8a457b71e9d7f29b9d2f87aad8dba2739cbe637e8926d6ba6e92567875f8e",
    "https://deno.land/std@0.176.0/fs/expand_glob.ts": "45d17e89796a24bd6002e4354eda67b4301bb8ba67d2cac8453cdabccf1d9ab0",
    "https://deno.land/std@0.176.0/fs/mod.ts": "bc3d0acd488cc7b42627044caf47d72019846d459279544e1934418955ba4898",
    "https://deno.land/std@0.176.0/fs/move.ts": "4cb47f880e3f0582c55e71c9f8b1e5e8cfaacb5e84f7390781dd563b7298ec19",
    "https://deno.land/std@0.176.0/fs/walk.ts": "ea95ffa6500c1eda6b365be488c056edc7c883a1db41ef46ec3bf057b1c0fe32",
    "https://deno.land/std@0.176.0/path/_constants.ts": "e49961f6f4f48039c0dfed3c3f93e963ca3d92791c9d478ac5b43183413136e0",
    "https://deno.land/std@0.176.0/path/_interface.ts": "6471159dfbbc357e03882c2266d21ef9afdb1e4aa771b0545e90db58a0ba314b",
    "https://deno.land/std@0.176.0/path/_util.ts": "d7abb1e0dea065f427b89156e28cdeb32b045870acdf865833ba808a73b576d0",
    "https://deno.land/std@0.176.0/path/common.ts": "ee7505ab01fd22de3963b64e46cff31f40de34f9f8de1fff6a1bd2fe79380000",
    "https://deno.land/std@0.176.0/path/glob.ts": "d479e0a695621c94d3fd7fe7abd4f9499caf32a8de13f25073451c6ef420a4e1",
    "https://deno.land/std@0.176.0/path/mod.ts": "4b83694ac500d7d31b0cdafc927080a53dc0c3027eb2895790fb155082b0d232",
    "https://deno.land/std@0.176.0/path/posix.ts": "8b7c67ac338714b30c816079303d0285dd24af6b284f7ad63da5b27372a2c94d",
    "https://deno.land/std@0.176.0/path/separator.ts": "0fb679739d0d1d7bf45b68dacfb4ec7563597a902edbaf3c59b50d5bcadd93b1",
    "https://deno.land/std@0.176.0/path/win32.ts": "d186344e5583bcbf8b18af416d13d82b35a317116e6460a5a3953508c3de5bba",
    "https://deno.land/std@0.177.0/_util/asserts.ts": "178dfc49a464aee693a7e285567b3d0b555dc805ff490505a8aae34f9cfb1462",
    "https://deno.land/std@0.177.0/_util/os.ts": "d932f56d41e4f6a6093d56044e29ce637f8dcc43c5a90af43504a889cf1775e3",
    "https://deno.land/std@0.177.0/bytes/index_of_needle.ts": "65c939607df609374c4415598fa4dad04a2f14c4d98cd15775216f0aaf597f24",
    "https://deno.land/std@0.177.0/encoding/base64.ts": "7de04c2f8aeeb41453b09b186480be90f2ff357613b988e99fabb91d2eeceba1",
    "https://deno.land/std@0.177.0/encoding/base64url.ts": "3f1178f6446834457b16bfde8b559c1cd3481727fe384d3385e4a9995dc2d851",
    "https://deno.land/std@0.177.0/node/_core.ts": "9a58c0ef98ee77e9b8fcc405511d1b37a003a705eb6a9b6e95f75434d8009adc",
    "https://deno.land/std@0.177.0/node/_utils.ts": "7fd55872a0cf9275e3c080a60e2fa6d45b8de9e956ebcde9053e72a344185884",
    "https://deno.land/std@0.177.0/node/buffer.ts": "85617be2063eccaf177dbb84c7580d1e32023724ed14bd9df4e453b152a26167",
    "https://deno.land/std@0.177.0/node/internal/buffer.mjs": "e92303a3cc6d9aaabcd270a937ad9319825d9ba08cb332650944df4562029b27",
    "https://deno.land/std@0.177.0/node/internal/crypto/_keys.ts": "8f3c3b5a141aa0331a53c205e9338655f1b3b307a08085fd6ff6dda6f7c4190b",
    "https://deno.land/std@0.177.0/node/internal/crypto/constants.ts": "544d605703053218499b08214f2e25cf4310651d535b7ab995891c4b7a217693",
    "https://deno.land/std@0.177.0/node/internal/error_codes.ts": "8495e33f448a484518d76fa3d41d34fc20fe03c14b30130ad8e936b0035d4b8b",
    "https://deno.land/std@0.177.0/node/internal/errors.ts": "1c699b8a3cb93174f697a348c004b1c6d576b66688eac8a48ebb78e65c720aae",
    "https://deno.land/std@0.177.0/node/internal/hide_stack_frames.ts": "9dd1bad0a6e62a1042ce3a51eb1b1ecee2f246907bff44835f86e8f021de679a",
    "https://deno.land/std@0.177.0/node/internal/normalize_encoding.mjs": "fd1d9df61c44d7196432f6e8244621468715131d18cc79cd299fc78ac549f707",
    "https://deno.land/std@0.177.0/node/internal/primordials.mjs": "a72d86b5aa55d3d50b8e916b6a59b7cc0dc5a31da8937114b4a113ad5aa08c74",
    "https://deno.land/std@0.177.0/node/internal/util.mjs": "f7fe2e1ca5e66f550ad0856b9f5ee4d666f0c071fe212ea7fc7f37cfa81f97a5",
    "https://deno.land/std@0.177.0/node/internal/util/inspect.mjs": "11d7c9cab514b8e485acc3978c74b837263ff9c08ae4537fa18ad56bae633259",
    "https://deno.land/std@0.177.0/node/internal/util/types.ts": "0e587b44ec5e017cf228589fc5ce9983b75beece6c39409c34170cfad49d6417",
    "https://deno.land/std@0.177.0/node/internal/validators.mjs": "e02f2b02dd072a5d623970292588d541204dc82207b4c58985d933a5f4b382e6",
    "https://deno.land/std@0.177.0/node/internal_binding/_libuv_winerror.ts": "30c9569603d4b97a1f1a034d88a3f74800d5ea1f12fcc3d225c9899d4e1a518b",
    "https://deno.land/std@0.177.0/node/internal_binding/_node.ts": "cb2389b0eab121df99853eb6a5e3a684e4537e065fb8bf2cca0cbf219ce4e32e",
    "https://deno.land/std@0.177.0/node/internal_binding/_utils.ts": "7c58a2fbb031a204dee9583ba211cf9c67922112fe77e7f0b3226112469e9fe1",
    "https://deno.land/std@0.177.0/node/internal_binding/_winerror.ts": "3e8cfdfe22e89f13d2b28529bab35155e6b1730c0221ec5a6fc7077dc037be13",
    "https://deno.land/std@0.177.0/node/internal_binding/buffer.ts": "31729e0537921d6c730ad0afea44a7e8a0a1044d070ade8368226cb6f7390c8b",
    "https://deno.land/std@0.177.0/node/internal_binding/constants.ts": "21ff9d1ee71d0a2086541083a7711842fc6ae25e264dbf45c73815aadce06f4c",
    "https://deno.land/std@0.177.0/node/internal_binding/string_decoder.ts": "54c3c1cbd5a9254881be58bf22637965dc69535483014dab60487e299cb95445",
    "https://deno.land/std@0.177.0/node/internal_binding/types.ts": "2187595a58d2cf0134f4db6cc2a12bf777f452f52b15b6c3aed73fa072aa5fc3",
    "https://deno.land/std@0.177.0/node/internal_binding/util.ts": "808ff3b92740284184ab824adfc420e75398c88c8bccf5111f0c24ac18c48f10",
    "https://deno.land/std@0.177.0/node/internal_binding/uv.ts": "eb0048e30af4db407fb3f95563e30d70efd6187051c033713b0a5b768593a3a3",
    "https://deno.land/std@0.179.0/_util/asserts.ts": "178dfc49a464aee693a7e285567b3d0b555dc805ff490505a8aae34f9cfb1462",
    "https://deno.land/std@0.179.0/_util/os.ts": "d932f56d41e4f6a6093d56044e29ce637f8dcc43c5a90af43504a889cf1775e3",
    "https://deno.land/std@0.179.0/path/_constants.ts": "e49961f6f4f48039c0dfed3c3f93e963ca3d92791c9d478ac5b43183413136e0",
    "https://deno.land/std@0.179.0/path/_interface.ts": "6471159dfbbc357e03882c2266d21ef9afdb1e4aa771b0545e90db58a0ba314b",
    "https://deno.land/std@0.179.0/path/_util.ts": "d7abb1e0dea065f427b89156e28cdeb32b045870acdf865833ba808a73b576d0",
    "https://deno.land/std@0.179.0/path/common.ts": "ee7505ab01fd22de3963b64e46cff31f40de34f9f8de1fff6a1bd2fe79380000",
    "https://deno.land/std@0.179.0/path/glob.ts": "d479e0a695621c94d3fd7fe7abd4f9499caf32a8de13f25073451c6ef420a4e1",
    "https://deno.land/std@0.179.0/path/mod.ts": "4b83694ac500d7d31b0cdafc927080a53dc0c3027eb2895790fb155082b0d232",
    "https://deno.land/std@0.179.0/path/posix.ts": "8b7c67ac338714b30c816079303d0285dd24af6b284f7ad63da5b27372a2c94d",
    "https://deno.land/std@0.179.0/path/separator.ts": "0fb679739d0d1d7bf45b68dacfb4ec7563597a902edbaf3c59b50d5bcadd93b1",
    "https://deno.land/std@0.179.0/path/win32.ts": "d186344e5583bcbf8b18af416d13d82b35a317116e6460a5a3953508c3de5bba",
    "https://deno.land/std@0.61.0/encoding/utf8.ts": "8654fa820aa69a37ec5eb11908e20b39d056c9bf1c23ab294303ff467f3d50a1",
    "https://deno.land/std@0.69.0/_util/assert.ts": "e1f76e77c5ccb5a8e0dbbbe6cce3a56d2556c8cb5a9a8802fc9565af72462149",
    "https://deno.land/std@0.69.0/bytes/mod.ts": "b1a149ac741728db00bda9ce1a2d044f248edd5ac95e708a6cc501bfd3adb4a7",
    "https://deno.land/std@0.69.0/encoding/base64.ts": "79c67b8a9d911eff89cafd84749587a2851a7bb3bed4e952f6cf4c2ff97ae120",
    "https://deno.land/std@0.69.0/encoding/hex.ts": "8dc1489e66b22fec26950c7a55391b12be0d9f9a80cbc7b422700cdff85cd2f7",
    "https://deno.land/std@0.69.0/fmt/colors.ts": "ce9375edade12ca09c257743f223fc469d72578d0c74a55cbf1a34f6198ce3df",
    "https://deno.land/std@0.69.0/fs/exists.ts": "5429dce6587bfcdde06a7a2a1fd5ad932c17d74ca082e67934fa646cff1d2e57",
    "https://deno.land/std@0.69.0/hash/_wasm/hash.ts": "005f64c4d9343ecbc91e0da9ae5e800f146c20930ad829bbb872c5c06bd89c5f",
    "https://deno.land/std@0.69.0/hash/_wasm/wasm.js": "10c91f7551443bd49b8ced10df7d5c2ce9a447d224eccc6d51f77730e074cdfe",
    "https://deno.land/std@0.69.0/hash/hasher.ts": "099c9e2a91b9f106b9f01379705e17e7d9de392ee1ea2b8684a2adfa82ac3bfc",
    "https://deno.land/std@0.69.0/hash/mod.ts": "e764a6a9ab2f5519a97f928e17cc13d984e3dd5c7f742ff9c1c8fb3114790f0c",
    "https://deno.land/std@0.69.0/io/bufio.ts": "e76c5b7bf978a638aae6f62b87efde3ab7203b85902ce9b84ac8388c8c2bb104",
    "https://deno.land/std@0.69.0/log/handlers.ts": "2c4fb9dca841efb551aac78dcb64db410ca4c4e7878aff2b49806d4a95621447",
    "https://deno.land/std@0.69.0/log/levels.ts": "d274b41f2dc909c6eef4e71c8a50ccbc81ea4e1df28cb268f02942966a205593",
    "https://deno.land/std@0.69.0/log/logger.ts": "53690b789cc64bec3f65b61ec29a59a5f570a1db6263f9ca518993c4137ff243",
    "https://deno.land/std@0.69.0/log/mod.ts": "8a7ddeb691b24ecac9f13ba340ba2776740fcd79ed4674408e48087b6af6ffec",
    "https://deno.land/std@0.69.0/path/_constants.ts": "aba480c4a2c098b6374fdd5951fea13ecc8aaaf8b8aa4dae1871baa50243d676",
    "https://deno.land/std@0.69.0/path/_interface.ts": "5876f91d35fd42624893a4aaddaee352144e1f46e719f1dde6511bab7c3c1029",
    "https://deno.land/std@0.69.0/path/_util.ts": "f0fa012d40ae9b6acbef03908e534eb11e694de6470fb4d78ea4f38829e735ab",
    "https://deno.land/std@0.69.0/path/common.ts": "e4ec66a7416d56f60331b66e27a8a4f08c7b1cf48e350271cb69754a01cf5c04",
    "https://deno.land/std@0.69.0/path/glob.ts": "43cc45e8649a35a199c4106dfdf66206f46dfd8e2e626a746512c1a1376fde99",
    "https://deno.land/std@0.69.0/path/mod.ts": "6de8885c2534757097818e302becd1cefcbc4c28ac022cc279e612ee04e8cfd1",
    "https://deno.land/std@0.69.0/path/posix.ts": "40c387415fca91b3482214cf74880c415cda90b337bebd2c9d4b62d2097bc146",
    "https://deno.land/std@0.69.0/path/separator.ts": "9dd15d46ff84a16e13554f56af7fee1f85f8d0f379efbbe60ac066a60561f036",
    "https://deno.land/std@0.69.0/path/win32.ts": "9e200471f24fb560d22e74b238133cb75ebb57bead933de1cc5aefed4cda3346",
    "https://deno.land/x/argon2@v0.9.2/lib/common.ts": "995a4107392082a5db26469f4c4622366835ea9397f1a8f77439df74884c790b",
    "https://deno.land/x/argon2@v0.9.2/lib/deps.ts": "7b9c9091976f6132ba68eec3595a47bcecf740296943e13f59ea76f932226814",
    "https://deno.land/x/argon2@v0.9.2/lib/error.ts": "eecec0524564e86265f762dbfabd6c263e0d3f742de3805965884cf9025dd63c",
    "https://deno.land/x/argon2@v0.9.2/lib/internal.ts": "4c555e1da97d248a7e6e35045c133d7c43b83d1f9e20a63d8099bd61c4aea65f",
    "https://deno.land/x/argon2@v0.9.2/lib/mod.ts": "8924380156a4a67e74b80fc3076498bb05c45312ed32db3f5df349af85257ce7",
    "https://deno.land/x/bcrypt@v0.2.4/deps.ts": "dc2253e8aed3c5670f096fe9515913f644b650bae7212d8f6af5c14b88350461",
    "https://deno.land/x/bcrypt@v0.2.4/mod.ts": "8eaac7e28fd305228e5994de60032b743282bfeadd5060c1759288d27f32d28e",
    "https://deno.land/x/bcrypt@v0.2.4/src/bcrypt/base64.ts": "b8266450a4f1eb6960f60f2f7986afc4dde6b45bd2d7ee7ba10789e67e17b9f7",
    "https://deno.land/x/bcrypt@v0.2.4/src/bcrypt/bcrypt.ts": "7845b01323458b530dcf6e9ab46e513c507b6ff1670457afaa0b3465721b56b4",
    "https://deno.land/x/bcrypt@v0.2.4/src/main.ts": "4ac3ccc2247ce729f6c7d57654909949b62aafdabd996483c97f34aa1afac82a",
    "https://deno.land/x/bcrypt@v0.2.4/src/worker.ts": "5a73bdfee9c9e622f47c9733d374b627dce52fb3ec1e74c8226698b3fc57ffac",
    "https://deno.land/x/dotenv@v3.2.2/mod.ts": "077b48773de9205266a0b44c3c3a3c3083449ed64bb0b6cc461b95720678d38e",
    "https://deno.land/x/dotenv@v3.2.2/util.ts": "693730877b13f8ead2b79b2aa31e2a0652862f7dc0c5f6d2f313f4d39c7b7670",
    "https://deno.land/x/hono@v3.0.0/adapter/deno/serve-static.ts": "d1c21498ced39849fa0bb23b372bf5d30677916fdbc875902735700ca1e789e3",
    "https://deno.land/x/hono@v3.0.0/client/client.ts": "c720020a167139dfe8d6af7b91c0c5db38186722b380fb0bb251bae685a2103e",
    "https://deno.land/x/hono@v3.0.0/client/index.ts": "7ad089b121f2613a0eaedd3d8aa8307a48bf3bf48f6c38281d6e73ee35f0d7ea",
    "https://deno.land/x/hono@v3.0.0/client/types.ts": "47b83ab3dea4d6ef60a7c5ed11bfdb5113df7ded05403869e029f5317e44c827",
    "https://deno.land/x/hono@v3.0.0/client/utils.ts": "781ec703f3e685cf02a201cfa717be111820ef89bebd7cb5968c6823310aebaa",
    "https://deno.land/x/hono@v3.0.0/compose.ts": "9bc97f737857da061b2294eb9812b7e0ca773acc2e913c11bf93d5732c0469f0",
    "https://deno.land/x/hono@v3.0.0/context.ts": "b053da7ec49c7a32f10572f951ae68347260ffab62fcce76cbc2ce544fe44d23",
    "https://deno.land/x/hono@v3.0.0/hono.ts": "4929cefc738a4bd5efea2371f0c5338d27e9de91045b1c223ab98eda5a0364d5",
    "https://deno.land/x/hono@v3.0.0/http-exception.ts": "e74a5e8504ecf795e9babdc2bab9d4052e1806a7396efc89f8e1ed83e813e3be",
    "https://deno.land/x/hono@v3.0.0/middleware.ts": "d2c886e2f63b91b17f05a11f598ca101912c8fbfd66a25aef345b934ccfcd603",
    "https://deno.land/x/hono@v3.0.0/middleware/basic-auth/index.ts": "0664ddf00c9f08a5109f92e93264678de55e90c341955c746bafa8f99ecab1eb",
    "https://deno.land/x/hono@v3.0.0/middleware/bearer-auth/index.ts": "11d4ead9b57f5bcb2b6b4bf27076871f15da0e1e8828b2b79d90c15423357b47",
    "https://deno.land/x/hono@v3.0.0/middleware/cache/index.ts": "2e86e089ebce01611ab5e231a6fbf7953ebabee3ab68362fcacea752ef48a0ab",
    "https://deno.land/x/hono@v3.0.0/middleware/compress/index.ts": "0b8ddbd70688361d5ef4e9418afa28affe2500a7f41a231a87873dad26ef5548",
    "https://deno.land/x/hono@v3.0.0/middleware/cors/index.ts": "10a743dcc793204835a5299070e2afaabb7e81cb742262faa9f1181f5e5d65ac",
    "https://deno.land/x/hono@v3.0.0/middleware/etag/index.ts": "e679c30ddd2600087521a7c1dac3798c2319c09d203bb627b54357b984fc72e7",
    "https://deno.land/x/hono@v3.0.0/middleware/html/index.ts": "a5028d8170dcc030d003749e743213e6532ff65798b741b81220207abc9af82d",
    "https://deno.land/x/hono@v3.0.0/middleware/jsx/index.ts": "1925e4bf01ef1252b9bda6b0c4f79520b138ee319c41df3218cb3bf10c0ed248",
    "https://deno.land/x/hono@v3.0.0/middleware/jwt/index.ts": "4af4649d9ae8ff2e767e53692d1974c956f523ab47a2560b869083cb493441ca",
    "https://deno.land/x/hono@v3.0.0/middleware/logger/index.ts": "281b0fe431183a5d7b8d576645370efbd2737aeefaac7dc989d1c90dc03c52c0",
    "https://deno.land/x/hono@v3.0.0/middleware/powered-by/index.ts": "7ec561885ac0410786f78aeb9789ed7869edb2d43c615cbc3d14f21baee87359",
    "https://deno.land/x/hono@v3.0.0/middleware/pretty-json/index.ts": "f4a4b2fa2ecb73e23da6f0ef716fe7d6a7f05c69f64dc7f89fc68cbcb204a87f",
    "https://deno.land/x/hono@v3.0.0/mod.ts": "e771d1c9f711b78f7540134e44a1ceda308fe0af58cb4c83ce7434c56c224670",
    "https://deno.land/x/hono@v3.0.0/request.ts": "e3b38e76f7d13596266e644c8598d324c56ae73af263c3bf029f6ffeafdb221b",
    "https://deno.land/x/hono@v3.0.0/router.ts": "21448bc2e6019574c10fae11237da4367037fa107e68bf3d049cd2fd0efd2adb",
    "https://deno.land/x/hono@v3.0.0/router/reg-exp-router/index.ts": "52755829213941756159b7a963097bafde5cc4fc22b13b1c7c9184dc0512d1db",
    "https://deno.land/x/hono@v3.0.0/router/reg-exp-router/node.ts": "8006b5bccb83d9fc98e0562a5545f6dd0be639ce445b089a6171c9c617aa8693",
    "https://deno.land/x/hono@v3.0.0/router/reg-exp-router/router.ts": "35a405c855cf6d10c350a651169c2c728fd19aaf3d3a0c416e5a06752914e6bd",
    "https://deno.land/x/hono@v3.0.0/router/reg-exp-router/trie.ts": "567493b301c44174f0895aedb8d055bbecf88f8a25626fa8ca61333bbd0c882c",
    "https://deno.land/x/hono@v3.0.0/router/smart-router/index.ts": "74f9b4fe15ea535900f2b9b048581915f12fe94e531dd2b0032f5610e61c3bef",
    "https://deno.land/x/hono@v3.0.0/router/smart-router/router.ts": "1d54f5c87875d856ed5fc2d22a100e1ff31debe3e9d8e9b1cc18d8e5706239f2",
    "https://deno.land/x/hono@v3.0.0/router/trie-router/index.ts": "3eb75e7f71ba81801631b30de6b1f5cefb2c7239c03797e2b2cbab5085911b41",
    "https://deno.land/x/hono@v3.0.0/router/trie-router/node.ts": "ca5b6a1ce6b6dc01003809bfa9cb93a323b37b27feee14c64655015deff7d2a9",
    "https://deno.land/x/hono@v3.0.0/router/trie-router/router.ts": "0a969528a0c1680b552b20f0ca90e484e968ac279be9d5fd952b61a804d680e7",
    "https://deno.land/x/hono@v3.0.0/types.ts": "a96ee9693b0de61b42016b80d3cbd958fabb795d8e4becb455845d70f66e7c87",
    "https://deno.land/x/hono@v3.0.0/utils/body.ts": "b6b5ed679122968a74845df4c5454c677f09adc4f3466d822f3b1397884e540e",
    "https://deno.land/x/hono@v3.0.0/utils/buffer.ts": "d28ab08d2571e890ec2ad7ce4c0318a503094f8403eac3d5eb18a8e5c23b29b2",
    "https://deno.land/x/hono@v3.0.0/utils/cookie.ts": "545872bd7af3b455c24fd386ecbccfd161e7d4a0038d6b09b1bb22723602f90a",
    "https://deno.land/x/hono@v3.0.0/utils/crypto.ts": "bda0e141bbe46d3a4a20f8fbcb6380d473b617123d9fdfa93e4499410b537acc",
    "https://deno.land/x/hono@v3.0.0/utils/encode.ts": "b628be2de7ab48cc806b1e5b93b3baf6886b7656d6d65dfa80f4fcd9c0f63a5f",
    "https://deno.land/x/hono@v3.0.0/utils/filepath.ts": "5f708bb6a2f0b8e83a3333868ac86abdfba15e52b46acb5e13018fa2138f0826",
    "https://deno.land/x/hono@v3.0.0/utils/html.ts": "636c4a04eaea1c52c14a37cd28d83cba66b293d1e31420a4475e951268901ae4",
    "https://deno.land/x/hono@v3.0.0/utils/http-status.ts": "2d6003e352c1fe918db663fa4bd2b20bf0b9d4e1699ba5e163f317f00b29d938",
    "https://deno.land/x/hono@v3.0.0/utils/jwt/index.ts": "5e4b82a42eb3603351dfce726cd781ca41cb57437395409d227131aec348d2d5",
    "https://deno.land/x/hono@v3.0.0/utils/jwt/jwt.ts": "4fefadfb914ad88282949d0cce2be16bdbd0b0614d15ecbb340c4fc47a9929b9",
    "https://deno.land/x/hono@v3.0.0/utils/jwt/types.ts": "715514fe59f0c37048b2940528bd4f4ec5795e04f0bc1d6d7e33f8d8bb1fe9de",
    "https://deno.land/x/hono@v3.0.0/utils/mime.ts": "e17bdbac85b97c3d223c48874c2abe867e0720461e9f7e0c340141c080b9c6d6",
    "https://deno.land/x/hono@v3.0.0/utils/types.ts": "173dedfe018b447cc6b067d2b6968c1f1dccba67ad50526d356b79e0465a5753",
    "https://deno.land/x/hono@v3.0.0/utils/url.ts": "2cf0f38d976761296ccaf2622b6999b7c0c1d3a1f63f066a6f832288ea7c28d9",
    "https://deno.land/x/hono@v3.0.0/validator/index.ts": "3dc2c9418dee74333ea8b98642ce112b6d449042bbcefe1e835047fcf2458170",
    "https://deno.land/x/hono@v3.0.0/validator/validator.ts": "9b2c9983b6b8a31cbc1f687096e232fb159004c15421e39cb050da2ac0f78c95",
    "https://deno.land/x/hono@v3.2.7/client/client.ts": "7a819af2aa9aabc746add4d01715fa37f83676fdf1b63fba1bbcd655b2d066a5",
    "https://deno.land/x/hono@v3.2.7/client/index.ts": "3ff4cf246f3543f827a85a2c84d66a025ac350ee927613629bda47e854bfb7ba",
    "https://deno.land/x/hono@v3.2.7/client/types.ts": "256a282e327fc46578de12097f22f6c295343a90c5670ae377b7967cf1622c66",
    "https://deno.land/x/hono@v3.2.7/client/utils.ts": "9f9825a3f96e0e332fa91f4cd1cfffe2ef9da796c58904941c8405e3f18bda07",
    "https://deno.land/x/hono@v3.2.7/compose.ts": "e55ed7be2134f363ff3c8e8e2f520ff682c6a11a47d7189100ed69704ce10b9e",
    "https://deno.land/x/hono@v3.2.7/context.ts": "a9d2dba3528df1a804d78630f867a8aaee2ebc8b498c5c781eeb057539dedb20",
    "https://deno.land/x/hono@v3.2.7/hono-base.ts": "4427026c68632e82e2f6df361cca1e0204da96ffc31b05ed653e62ae304899d0",
    "https://deno.land/x/hono@v3.2.7/hono.ts": "c185fae30dc3aa9966b0f3e8599f81314ba5e8621b907d27cffb77414a1c0908",
    "https://deno.land/x/hono@v3.2.7/http-exception.ts": "6071df078b5f76d279684d52fe82a590f447a64ffe1b75eb5064d0c8a8d2d676",
    "https://deno.land/x/hono@v3.2.7/middleware/cookie/index.ts": "36d767c74a26cbb4dca581a0817e72cb698cd218d3f58176f38c04d421770940",
    "https://deno.land/x/hono@v3.2.7/mod.ts": "be5c09896830494225a12488e3e086b331b9c8829f66cc529cb8636a0c15f6fe",
    "https://deno.land/x/hono@v3.2.7/request.ts": "abbfbd63516c7ee60445b85a5ae8d45a8c9b4dc1a536af5cf84ff73b742ebda4",
    "https://deno.land/x/hono@v3.2.7/router.ts": "d03e2a9e862c898e8555b451ba80c65b1f39d487230815229e1f046dbd8546cb",
    "https://deno.land/x/hono@v3.2.7/router/linear-router/index.ts": "8a2a7144c50b1f4a92d9ee99c2c396716af144c868e10608255f969695efccd0",
    "https://deno.land/x/hono@v3.2.7/router/linear-router/router.ts": "90d4afc052b72f53dafbcf97fd32f24299b985f8a35dbdc70b28048201b3dcbc",
    "https://deno.land/x/hono@v3.2.7/router/pattern-router/index.ts": "304a66c50e243872037ed41c7dd79ed0c89d815e17e172e7ad7cdc4bc07d3383",
    "https://deno.land/x/hono@v3.2.7/router/pattern-router/router.ts": "38ffe40056f3aa7ecf441711d82af2d0357aae6c2fd168f534427579e89439f4",
    "https://deno.land/x/hono@v3.2.7/router/reg-exp-router/index.ts": "52755829213941756159b7a963097bafde5cc4fc22b13b1c7c9184dc0512d1db",
    "https://deno.land/x/hono@v3.2.7/router/reg-exp-router/node.ts": "8006b5bccb83d9fc98e0562a5545f6dd0be639ce445b089a6171c9c617aa8693",
    "https://deno.land/x/hono@v3.2.7/router/reg-exp-router/router.ts": "aeddd88e16a7ec3cf088a13ee952cfcb3319f97559767253e1a600f72fc70f27",
    "https://deno.land/x/hono@v3.2.7/router/reg-exp-router/trie.ts": "567493b301c44174f0895aedb8d055bbecf88f8a25626fa8ca61333bbd0c882c",
    "https://deno.land/x/hono@v3.2.7/router/smart-router/index.ts": "74f9b4fe15ea535900f2b9b048581915f12fe94e531dd2b0032f5610e61c3bef",
    "https://deno.land/x/hono@v3.2.7/router/smart-router/router.ts": "38209165dadea4182b42807a0a6c84a9258532a07ebf87262dc2b5b09d25a2a2",
    "https://deno.land/x/hono@v3.2.7/router/trie-router/index.ts": "3eb75e7f71ba81801631b30de6b1f5cefb2c7239c03797e2b2cbab5085911b41",
    "https://deno.land/x/hono@v3.2.7/router/trie-router/node.ts": "3e27c0ff9b1d677c4ab1fbf0895e81c8e3ba277c6c2ccbc68a98185b32040c95",
    "https://deno.land/x/hono@v3.2.7/router/trie-router/router.ts": "ad0b3fdabc33abd11a9f5819734aec743602a743cfc9f90ddad73787cd5e7727",
    "https://deno.land/x/hono@v3.2.7/types.ts": "d9733cf808ae9828fb12b62ff4decc23992da8f2050294a16e4af6d90db302f3",
    "https://deno.land/x/hono@v3.2.7/utils/body.ts": "67627aaac6ea8d3d2f2ffcb0aabccfe0c854ee11eaecd36dfcc2f012005337f7",
    "https://deno.land/x/hono@v3.2.7/utils/cookie.ts": "ff2f948c27fb8867fc990b1b6b182dfbe4c263c60a94cd33aefa77af5cdb1655",
    "https://deno.land/x/hono@v3.2.7/utils/http-status.ts": "e0c4343ea7717c314dc600131e16b636c29d61cfdaf9df93b267258d1729d1a0",
    "https://deno.land/x/hono@v3.2.7/utils/types.ts": "634ee00ae271302b2decf73edb91d843feb9fc7bfd43ea643d1b14861914577d",
    "https://deno.land/x/hono@v3.2.7/utils/url.ts": "40a4192da0a655a124c95063e0ab3924432805fcf45a3ffc8e4458029d609bbc",
    "https://deno.land/x/hono@v3.2.7/validator/index.ts": "6c986e8b91dcf857ecc8164a506ae8eea8665792a4ff7215471df669c632ae7c",
    "https://deno.land/x/hono@v3.2.7/validator/validator.ts": "e52183ddf8cefc3cfe2788802fe6ce766df8ac904df485107b01cbcca167dbad",
    "https://deno.land/x/plug@1.0.1/deps.ts": "35ea2acd5e3e11846817a429b7ef4bec47b80f2d988f5d63797147134cbd35c2",
    "https://deno.land/x/plug@1.0.1/download.ts": "8d6a023ade0806a0653b48cd5f6f8b15fcfaa1dbf2aa1f4bc90fc5732d27b144",
    "https://deno.land/x/plug@1.0.1/mod.ts": "5dec80ee7a3a325be45c03439558531bce7707ac118f4376cebbd6740ff24bfb",
    "https://deno.land/x/plug@1.0.1/types.ts": "d8eb738fc6ed883e6abf77093442c2f0b71af9090f15c7613621d4039e410ee1",
    "https://deno.land/x/plug@1.0.1/util.ts": "5ba8127b9adc36e070b9e22971fb8106869eea1741f452a87b4861e574f13481",
    "https://deno.land/x/plugin_prepare@v0.8.0/deps.ts": "8d1f49743d451ebd584ca2e49bb6e0491fd89312a62ad79ea939c6edc1409bd0",
    "https://deno.land/x/plugin_prepare@v0.8.0/mod.ts": "fc7cb446b228311c3a1f093423a22b98cf2ca3b367841e5fc5119ff0c2350d0c",
    "https://deno.land/x/sqlite3@0.9.1/deno.json": "50895b0bb0c13ae38b93413d7f9f62652f6e7076cd99b9876f6b3b7f6c488dca",
    "https://deno.land/x/sqlite3@0.9.1/deps.ts": "f6035f0884a730c0d55b0cdce68846f13bbfc14e8afbf0b3cd4f12a52b4107b7",
    "https://deno.land/x/sqlite3@0.9.1/mod.ts": "d41b8b30e1b20b537ef4d78cae98d90f6bd65c727b64aa1a18bffbb28f7d6ec3",
    "https://deno.land/x/sqlite3@0.9.1/src/blob.ts": "3681353b3c97bc43f9b02f8d1c3269c0dc4eb9cb5d3af16c7ce4d1e1ec7507c4",
    "https://deno.land/x/sqlite3@0.9.1/src/constants.ts": "85fd27aa6e199093f25f5f437052e16fd0e0870b96ca9b24a98e04ddc8b7d006",
    "https://deno.land/x/sqlite3@0.9.1/src/database.ts": "c326446463955f276dcbe18547ede4b19ea3085bef0980548c0a58d830b3b5d9",
    "https://deno.land/x/sqlite3@0.9.1/src/ffi.ts": "b83f6d16179be7a97a298d6e8172941dbf532058e7c2b3df3a708beefe285c90",
    "https://deno.land/x/sqlite3@0.9.1/src/statement.ts": "4773bc8699a9084b93e65126cd5f9219c248de1fce447270bdae2c3630637150",
    "https://deno.land/x/sqlite3@0.9.1/src/util.ts": "3892904eb057271d4072215c3e7ffe57a9e59e4df78ac575046eb278ca6239cd",
    "https://deno.land/x/sqlite@v3.9.1/build/sqlite.js": "2afc7875c7b9c85d89730c4a311ab3a304e5d1bf761fbadd8c07bbdf130f5f9b",
    "https://deno.land/x/sqlite@v3.9.1/build/vfs.js": "7f7778a9fe499cd10738d6e43867340b50b67d3e39142b0065acd51a84cd2e03",
    "https://deno.land/x/sqlite@v3.9.1/mod.ts": "e09fc79d8065fe222578114b109b1fd60077bff1bb75448532077f784f4d6a83",
    "https://deno.land/x/sqlite@v3.9.1/src/constants.ts": "90f3be047ec0a89bcb5d6fc30db121685fc82cb00b1c476124ff47a4b0472aa9",
    "https://deno.land/x/sqlite@v3.9.1/src/db.ts": "03d0c860957496eadedd86e51a6e650670764630e64f56df0092e86c90752401",
    "https://deno.land/x/sqlite@v3.9.1/src/error.ts": "f7a15cb00d7c3797da1aefee3cf86d23e0ae92e73f0ba3165496c3816ab9503a",
    "https://deno.land/x/sqlite@v3.9.1/src/function.ts": "bc778cab7a6d771f690afa27264c524d22fcb96f1bb61959ade7922c15a4ab8d",
    "https://deno.land/x/sqlite@v3.9.1/src/query.ts": "d58abda928f6582d77bad685ecf551b1be8a15e8e38403e293ec38522e030cad",
    "https://deno.land/x/sqlite@v3.9.1/src/wasm.ts": "e79d0baa6e42423257fb3c7cc98091c54399254867e0f34a09b5bdef37bd9487"
  },
  "workspace": {
    "dependencies": [
      "jsr:@std/crypto@^1.0.3",
      "jsr:@std/encoding@^1.0.6",
      "jsr:@zaubrik/djwt@^3.0.2",
      "npm:hono@^4.6.14",
      "npm:zod@3.23.8"
    ]
  }
}
